Microsoft Visual Studio Solution File, Format Version 12.00
# Visual Studio 2012
Project("{FAE04EC0-301F-11D3-BF4B-00C04F79EFBC}") = "void-shooter-iso", "void-shooter-iso.csproj", "{065C8036-E844-4890-85FD-98772322B141}"
EndProject
Global
	GlobalSection(SolutionConfigurationPlatforms) = preSolution
	Debug|Any CPU = Debug|Any CPU
	ExportDebug|Any CPU = ExportDebug|Any CPU
	ExportRelease|Any CPU = ExportRelease|Any CPU
	EndGlobalSection
	GlobalSection(ProjectConfigurationPlatforms) = postSolution
		{065C8036-E844-4890-85FD-98772322B141}.Debug|Any CPU.ActiveCfg = Debug|Any CPU
		{065C8036-E844-4890-85FD-98772322B141}.Debug|Any CPU.Build.0 = Debug|Any CPU
		{065C8036-E844-4890-85FD-98772322B141}.ExportDebug|Any CPU.ActiveCfg = ExportDebug|Any CPU
		{065C8036-E844-4890-85FD-98772322B141}.ExportDebug|Any CPU.Build.0 = ExportDebug|Any CPU
		{065C8036-E844-4890-85FD-98772322B141}.ExportRelease|Any CPU.ActiveCfg = ExportRelease|Any CPU
		{065C8036-E844-4890-85FD-98772322B141}.ExportRelease|Any CPU.Build.0 = ExportRelease|Any CPU
	EndGlobalSection
EndGlobal
